// !$*UTF8*$!
{
	archiveVersion = 1;
	classes = {
	};
	objectVersion = 50;
	objects = {

/* Begin PBXBuildFile section */
		7400731725B2B2CF0063F66E /* AppDelegate.swift in Sources */ = {isa = PBXBuildFile; fileRef = 7400731625B2B2CF0063F66E /* AppDelegate.swift */; };
		7400731925B2B2CF0063F66E /* SceneDelegate.swift in Sources */ = {isa = PBXBuildFile; fileRef = 7400731825B2B2CF0063F66E /* SceneDelegate.swift */; };
		7400731B25B2B2CF0063F66E /* ViewController.swift in Sources */ = {isa = PBXBuildFile; fileRef = 7400731A25B2B2CF0063F66E /* ViewController.swift */; };
		7400731E25B2B2CF0063F66E /* Main.storyboard in Resources */ = {isa = PBXBuildFile; fileRef = 7400731C25B2B2CF0063F66E /* Main.storyboard */; };
		7400732025B2B2CF0063F66E /* Assets.xcassets in Resources */ = {isa = PBXBuildFile; fileRef = 7400731F25B2B2CF0063F66E /* Assets.xcassets */; };
		7400732325B2B2CF0063F66E /* LaunchScreen.storyboard in Resources */ = {isa = PBXBuildFile; fileRef = 7400732125B2B2CF0063F66E /* LaunchScreen.storyboard */; };
/* End PBXBuildFile section */

/* Begin PBXFileReference section */
		7400731325B2B2CF0063F66E /* SwiftLintOnPrePush.app */ = {isa = PBXFileReference; explicitFileType = wrapper.application; includeInIndex = 0; path = SwiftLintOnPrePush.app; sourceTree = BUILT_PRODUCTS_DIR; };
		7400731625B2B2CF0063F66E /* AppDelegate.swift */ = {isa = PBXFileReference; lastKnownFileType = sourcecode.swift; path = AppDelegate.swift; sourceTree = "<group>"; };
		7400731825B2B2CF0063F66E /* SceneDelegate.swift */ = {isa = PBXFileReference; lastKnownFileType = sourcecode.swift; path = SceneDelegate.swift; sourceTree = "<group>"; };
		7400731A25B2B2CF0063F66E /* ViewController.swift */ = {isa = PBXFileReference; lastKnownFileType = sourcecode.swift; path = ViewController.swift; sourceTree = "<group>"; };
		7400731D25B2B2CF0063F66E /* Base */ = {isa = PBXFileReference; lastKnownFileType = file.storyboard; name = Base; path = Base.lproj/Main.storyboard; sourceTree = "<group>"; };
		7400731F25B2B2CF0063F66E /* Assets.xcassets */ = {isa = PBXFileReference; lastKnownFileType = folder.assetcatalog; path = Assets.xcassets; sourceTree = "<group>"; };
		7400732225B2B2CF0063F66E /* Base */ = {isa = PBXFileReference; lastKnownFileType = file.storyboard; name = Base; path = Base.lproj/LaunchScreen.storyboard; sourceTree = "<group>"; };
		7400732425B2B2CF0063F66E /* Info.plist */ = {isa = PBXFileReference; lastKnownFileType = text.plist.xml; path = Info.plist; sourceTree = "<group>"; };
/* End PBXFileReference section */

/* Begin PBXFrameworksBuildPhase section */
		7400731025B2B2CF0063F66E /* Frameworks */ = {
			isa = PBXFrameworksBuildPhase;
			buildActionMask = 2147483647;
			files = (
			);
			runOnlyForDeploymentPostprocessing = 0;
		};
/* End PBXFrameworksBuildPhase section */

/* Begin PBXGroup section */
		7400730A25B2B2CF0063F66E = {
			isa = PBXGroup;
			children = (
				7400731525B2B2CF0063F66E /* SwiftLintOnPrePush */,
				7400731425B2B2CF0063F66E /* Products */,
			);
			sourceTree = "<group>";
		};
		7400731425B2B2CF0063F66E /* Products */ = {
			isa = PBXGroup;
			children = (
				7400731325B2B2CF0063F66E /* SwiftLintOnPrePush.app */,
			);
			name = Products;
			sourceTree = "<group>";
		};
		7400731525B2B2CF0063F66E /* SwiftLintOnPrePush */ = {
			isa = PBXGroup;
			children = (
				7400731625B2B2CF0063F66E /* AppDelegate.swift */,
				7400731825B2B2CF0063F66E /* SceneDelegate.swift */,
				7400731A25B2B2CF0063F66E /* ViewController.swift */,
				7400731C25B2B2CF0063F66E /* Main.storyboard */,
				7400731F25B2B2CF0063F66E /* Assets.xcassets */,
				7400732125B2B2CF0063F66E /* LaunchScreen.storyboard */,
				7400732425B2B2CF0063F66E /* Info.plist */,
			);
			path = SwiftLintOnPrePush;
			sourceTree = "<group>";
		};
/* End PBXGroup section */

/* Begin PBXNativeTarget section */
		7400731225B2B2CF0063F66E /* SwiftLintOnPrePush */ = {
			isa = PBXNativeTarget;
			buildConfigurationList = 7400732725B2B2CF0063F66E /* Build configuration list for PBXNativeTarget "SwiftLintOnPrePush" */;
			buildPhases = (
				7400730F25B2B2CF0063F66E /* Sources */,
				7400731025B2B2CF0063F66E /* Frameworks */,
				7400731125B2B2CF0063F66E /* Resources */,
			);
			buildRules = (
			);
			dependencies = (
			);
			name = SwiftLintOnPrePush;
			productName = SwiftLintOnPrePush;
			productReference = 7400731325B2B2CF0063F66E /* SwiftLintOnPrePush.app */;
			productType = "com.apple.product-type.application";
		};
/* End PBXNativeTarget section */

/* Begin PBXProject section */
		7400730B25B2B2CF0063F66E /* Project object */ = {
			isa = PBXProject;
			attributes = {
				LastSwiftUpdateCheck = 1230;
				LastUpgradeCheck = 1230;
				TargetAttributes = {
					7400731225B2B2CF0063F66E = {
						CreatedOnToolsVersion = 12.3;
					};
				};
			};
			buildConfigurationList = 7400730E25B2B2CF0063F66E /* Build configuration list for PBXProject "SwiftLintOnPrePush" */;
			compatibilityVersion = "Xcode 9.3";
			developmentRegion = en;
			hasScannedForEncodings = 0;
			knownRegions = (
				en,
				Base,
			);
			mainGroup = 7400730A25B2B2CF0063F66E;
			productRefGroup = 7400731425B2B2CF0063F66E /* Products */;
			projectDirPath = "";
			projectRoot = "";
			targets = (
				7400731225B2B2CF0063F66E /* SwiftLintOnPrePush */,
			);
		};
/* End PBXProject section */

/* Begin PBXResourcesBuildPhase section */
		7400731125B2B2CF0063F66E /* Resources */ = {
			isa = PBXResourcesBuildPhase;
			buildActionMask = 2147483647;
			files = (
				7400732325B2B2CF0063F66E /* LaunchScreen.storyboard in Resources */,
				7400732025B2B2CF0063F66E /* Assets.xcassets in Resources */,
				7400731E25B2B2CF0063F66E /* Main.storyboard in Resources */,
			);
			runOnlyForDeploymentPostprocessing = 0;
		};
/* End PBXResourcesBuildPhase section */

/* Begin PBXSourcesBuildPhase section */
		7400730F25B2B2CF0063F66E /* Sources */ = {
			isa = PBXSourcesBuildPhase;
			buildActionMask = 2147483647;
			files = (
				7400731B25B2B2CF0063F66E /* ViewController.swift in Sources */,
				7400731725B2B2CF0063F66E /* AppDelegate.swift in Sources */,
				7400731925B2B2CF0063F66E /* SceneDelegate.swift in Sources */,
			);
			runOnlyForDeploymentPostprocessing = 0;
		};
/* End PBXSourcesBuildPhase section */

/* Begin PBXVariantGroup section */
		7400731C25B2B2CF0063F66E /* Main.storyboard */ = {
			isa = PBXVariantGroup;
			children = (
				7400731D25B2B2CF0063F66E /* Base */,
			);
			name = Main.storyboard;
			sourceTree = "<group>";
		};
		7400732125B2B2CF0063F66E /* LaunchScreen.storyboard */ = {
			isa = PBXVariantGroup;
			children = (
				7400732225B2B2CF0063F66E /* Base */,
			);
			name = LaunchScreen.storyboard;
			sourceTree = "<group>";
		};
/* End PBXVariantGroup section */

/* Begin XCBuildConfiguration section */
		7400732525B2B2CF0063F66E /* Debug */ = {
			isa = XCBuildConfiguration;
			buildSettings = {
				ALWAYS_SEARCH_USER_PATHS = NO;
				CLANG_ANALYZER_NONNULL = YES;
				CLANG_ANALYZER_NUMBER_OBJECT_CONVERSION = YES_AGGRESSIVE;
				CLANG_CXX_LANGUAGE_STANDARD = "gnu++14";
				CLANG_CXX_LIBRARY = "libc++";
				CLANG_ENABLE_MODULES = YES;
				CLANG_ENABLE_OBJC_ARC = YES;
				CLANG_ENABLE_OBJC_WEAK = YES;
				CLANG_WARN_BLOCK_CAPTURE_AUTORELEASING = YES;
				CLANG_WARN_BOOL_CONVERSION = YES;
				CLANG_WARN_COMMA = YES;
				CLANG_WARN_CONSTANT_CONVERSION = YES;
				CLANG_WARN_DEPRECATED_OBJC_IMPLEMENTATIONS = YES;
				CLANG_WARN_DIRECT_OBJC_ISA_USAGE = YES_ERROR;
				CLANG_WARN_DOCUMENTATION_COMMENTS = YES;
				CLANG_WARN_EMPTY_BODY = YES;
				CLANG_WARN_ENUM_CONVERSION = YES;
				CLANG_WARN_INFINITE_RECURSION = YES;
				CLANG_WARN_INT_CONVERSION = YES;
				CLANG_WARN_NON_LITERAL_NULL_CONVERSION = YES;
				CLANG_WARN_OBJC_IMPLICIT_RETAIN_SELF = YES;
				CLANG_WARN_OBJC_LITERAL_CONVERSION = YES;
				CLANG_WARN_OBJC_ROOT_CLASS = YES_ERROR;
				CLANG_WARN_QUOTED_INCLUDE_IN_FRAMEWORK_HEADER = YES;
				CLANG_WARN_RANGE_LOOP_ANALYSIS = YES;
				CLANG_WARN_STRICT_PROTOTYPES = YES;
				CLANG_WARN_SUSPICIOUS_MOVE = YES;
				CLANG_WARN_UNGUARDED_AVAILABILITY = YES_AGGRESSIVE;
				CLANG_WARN_UNREACHABLE_CODE = YES;
				CLANG_WARN__DUPLICATE_METHOD_MATCH = YES;
				COPY_PHASE_STRIP = NO;
				DEBUG_INFORMATION_FORMAT = dwarf;
				ENABLE_STRICT_OBJC_MSGSEND = YES;
				ENABLE_TESTABILITY = YES;
				GCC_C_LANGUAGE_STANDARD = gnu11;
				GCC_DYNAMIC_NO_PIC = NO;
				GCC_NO_COMMON_BLOCKS = YES;
				GCC_OPTIMIZATION_LEVEL = 0;
				GCC_PREPROCESSOR_DEFINITIONS = (
					"DEBUG=1",
					"$(inherited)",
				);
				GCC_WARN_64_TO_32_BIT_CONVERSION = YES;
				GCC_WARN_ABOUT_RETURN_TYPE = YES_ERROR;
				GCC_WARN_UNDECLARED_SELECTOR = YES;
				GCC_WARN_UNINITIALIZED_AUTOS = YES_AGGRESSIVE;
				GCC_WARN_UNUSED_FUNCTION = YES;
				GCC_WARN_UNUSED_VARIABLE = YES;
				IPHONEOS_DEPLOYMENT_TARGET = 14.3;
				MTL_ENABLE_DEBUG_INFO = INCLUDE_SOURCE;
				MTL_FAST_MATH = YES;
				ONLY_ACTIVE_ARCH = YES;
				SDKROOT = iphoneos;
				SWIFT_ACTIVE_COMPILATION_CONDITIONS = DEBUG;
				SWIFT_OPTIMIZATION_LEVEL = "-Onone";
			};
			name = Debug;
		};
		7400732625B2B2CF0063F66E /* Release */ = {
			isa = XCBuildConfiguration;
			buildSettings = {
				ALWAYS_SEARCH_USER_PATHS = NO;
				CLANG_ANALYZER_NONNULL = YES;
				CLANG_ANALYZER_NUMBER_OBJECT_CONVERSION = YES_AGGRESSIVE;
				CLANG_CXX_LANGUAGE_STANDARD = "gnu++14";
				CLANG_CXX_LIBRARY = "libc++";
				CLANG_ENABLE_MODULES = YES;
				CLANG_ENABLE_OBJC_ARC = YES;
				CLANG_ENABLE_OBJC_WEAK = YES;
				CLANG_WARN_BLOCK_CAPTURE_AUTORELEASING = YES;
				CLANG_WARN_BOOL_CONVERSION = YES;
				CLANG_WARN_COMMA = YES;
				CLANG_WARN_CONSTANT_CONVERSION = YES;
				CLANG_WARN_DEPRECATED_OBJC_IMPLEMENTATIONS = YES;
				CLANG_WARN_DIRECT_OBJC_ISA_USAGE = YES_ERROR;
				CLANG_WARN_DOCUMENTATION_COMMENTS = YES;
				CLANG_WARN_EMPTY_BODY = YES;
				CLANG_WARN_ENUM_CONVERSION = YES;
				CLANG_WARN_INFINITE_RECURSION = YES;
				CLANG_WARN_INT_CONVERSION = YES;
				CLANG_WARN_NON_LITERAL_NULL_CONVERSION = YES;
				CLANG_WARN_OBJC_IMPLICIT_RETAIN_SELF = YES;
				CLANG_WARN_OBJC_LITERAL_CONVERSION = YES;
				CLANG_WARN_OBJC_ROOT_CLASS = YES_ERROR;
				CLANG_WARN_QUOTED_INCLUDE_IN_FRAMEWORK_HEADER = YES;
				CLANG_WARN_RANGE_LOOP_ANALYSIS = YES;
				CLANG_WARN_STRICT_PROTOTYPES = YES;
				CLANG_WARN_SUSPICIOUS_MOVE = YES;
				CLANG_WARN_UNGUARDED_AVAILABILITY = YES_AGGRESSIVE;
				CLANG_WARN_UNREACHABLE_CODE = YES;
				CLANG_WARN__DUPLICATE_METHOD_MATCH = YES;
				COPY_PHASE_STRIP = NO;
				DEBUG_INFORMATION_FORMAT = "dwarf-with-dsym";
				ENABLE_NS_ASSERTIONS = NO;
				ENABLE_STRICT_OBJC_MSGSEND = YES;
				GCC_C_LANGUAGE_STANDARD = gnu11;
				GCC_NO_COMMON_BLOCKS = YES;
				GCC_WARN_64_TO_32_BIT_CONVERSION = YES;
				GCC_WARN_ABOUT_RETURN_TYPE = YES_ERROR;
				GCC_WARN_UNDECLARED_SELECTOR = YES;
				GCC_WARN_UNINITIALIZED_AUTOS = YES_AGGRESSIVE;
				GCC_WARN_UNUSED_FUNCTION = YES;
				GCC_WARN_UNUSED_VARIABLE = YES;
				IPHONEOS_DEPLOYMENT_TARGET = 14.3;
				MTL_ENABLE_DEBUG_INFO = NO;
				MTL_FAST_MATH = YES;
				SDKROOT = iphoneos;
				SWIFT_COMPILATION_MODE = wholemodule;
				SWIFT_OPTIMIZATION_LEVEL = "-O";
				VALIDATE_PRODUCT = YES;
			};
			name = Release;
		};
		7400732825B2B2CF0063F66E /* Debug */ = {
			isa = XCBuildConfiguration;
			buildSettings = {
				ASSETCATALOG_COMPILER_APPICON_NAME = AppIcon;
				ASSETCATALOG_COMPILER_GLOBAL_ACCENT_COLOR_NAME = AccentColor;
				CODE_SIGN_STYLE = Automatic;
				INFOPLIST_FILE = SwiftLintOnPrePush/Info.plist;
				LD_RUNPATH_SEARCH_PATHS = (
					"$(inherited)",
					"@executable_path/Frameworks",
				);
				PRODUCT_BUNDLE_IDENTIFIER = "com.zrn-ns.SwiftLintOnPrePush";
				PRODUCT_NAME = "$(TARGET_NAME)";
				SWIFT_VERSION = 5.0;
				TARGETED_DEVICE_FAMILY = "1,2";
			};
			name = Debug;
		};
		7400732925B2B2CF0063F66E /* Release */ = {
			isa = XCBuildConfiguration;
			buildSettings = {
				ASSETCATALOG_COMPILER_APPICON_NAME = AppIcon;
				ASSETCATALOG_COMPILER_GLOBAL_ACCENT_COLOR_NAME = AccentColor;
				CODE_SIGN_STYLE = Automatic;
				INFOPLIST_FILE = SwiftLintOnPrePush/Info.plist;
				LD_RUNPATH_SEARCH_PATHS = (
					"$(inherited)",
					"@executable_path/Frameworks",
				);
				PRODUCT_BUNDLE_IDENTIFIER = "com.zrn-ns.SwiftLintOnPrePush";
				PRODUCT_NAME = "$(TARGET_NAME)";
				SWIFT_VERSION = 5.0;
				TARGETED_DEVICE_FAMILY = "1,2";
			};
			name = Release;
		};
/* End XCBuildConfiguration section */

/* Begin XCConfigurationList section */
		7400730E25B2B2CF0063F66E /* Build configuration list for PBXProject "SwiftLintOnPrePush" */ = {
			isa = XCConfigurationList;
			buildConfigurations = (
				7400732525B2B2CF0063F66E /* Debug */,
				7400732625B2B2CF0063F66E /* Release */,
			);
			defaultConfigurationIsVisible = 0;
			defaultConfigurationName = Release;
		};
		7400732725B2B2CF0063F66E /* Build configuration list for PBXNativeTarget "SwiftLintOnPrePush" */ = {
			isa = XCConfigurationList;
			buildConfigurations = (
				7400732825B2B2CF0063F66E /* Debug */,
				7400732925B2B2CF0063F66E /* Release */,
			);
			defaultConfigurationIsVisible = 0;
			defaultConfigurationName = Release;
		};
/* End XCConfigurationList section */
	};
	rootObject = 7400730B25B2B2CF0063F66E /* Project object */;
}
